// !$*UTF8*$!
{
	archiveVersion = 1;
	classes = {
	};
	objectVersion = 55;
	objects = {

/* Begin PBXBuildFile section */
		43E4B7ED29BA5FDE00600CF3 /* AppDelegate.swift in Sources */ = {isa = PBXBuildFile; fileRef = 43E4B7EC29BA5FDE00600CF3 /* AppDelegate.swift */; };
		43E4B7EF29BA5FDE00600CF3 /* SceneDelegate.swift in Sources */ = {isa = PBXBuildFile; fileRef = 43E4B7EE29BA5FDE00600CF3 /* SceneDelegate.swift */; };
		43E4B7F129BA5FDE00600CF3 /* LoginViewController.swift in Sources */ = {isa = PBXBuildFile; fileRef = 43E4B7F029BA5FDE00600CF3 /* LoginViewController.swift */; };
		43E4B7F429BA5FDE00600CF3 /* Main.storyboard in Resources */ = {isa = PBXBuildFile; fileRef = 43E4B7F229BA5FDE00600CF3 /* Main.storyboard */; };
		43E4B7F629BA5FE200600CF3 /* Assets.xcassets in Resources */ = {isa = PBXBuildFile; fileRef = 43E4B7F529BA5FE200600CF3 /* Assets.xcassets */; };
		43E4B7F929BA5FE200600CF3 /* LaunchScreen.storyboard in Resources */ = {isa = PBXBuildFile; fileRef = 43E4B7F729BA5FE200600CF3 /* LaunchScreen.storyboard */; };
		43E4B80429BA614900600CF3 /* User.swift in Sources */ = {isa = PBXBuildFile; fileRef = 43E4B80329BA614900600CF3 /* User.swift */; };
		43E4B80729BA621C00600CF3 /* String+Extension.swift in Sources */ = {isa = PBXBuildFile; fileRef = 43E4B80629BA621C00600CF3 /* String+Extension.swift */; };
		43E4B80B29BA634100600CF3 /* LoginViewModel.swift in Sources */ = {isa = PBXBuildFile; fileRef = 43E4B80A29BA634100600CF3 /* LoginViewModel.swift */; };
/* End PBXBuildFile section */

/* Begin PBXFileReference section */
		43E4B7E929BA5FDE00600CF3 /* LoginApp+MVVM+Combine.app */ = {isa = PBXFileReference; explicitFileType = wrapper.application; includeInIndex = 0; path = "LoginApp+MVVM+Combine.app"; sourceTree = BUILT_PRODUCTS_DIR; };
		43E4B7EC29BA5FDE00600CF3 /* AppDelegate.swift */ = {isa = PBXFileReference; lastKnownFileType = sourcecode.swift; path = AppDelegate.swift; sourceTree = "<group>"; };
		43E4B7EE29BA5FDE00600CF3 /* SceneDelegate.swift */ = {isa = PBXFileReference; lastKnownFileType = sourcecode.swift; path = SceneDelegate.swift; sourceTree = "<group>"; };
		43E4B7F029BA5FDE00600CF3 /* LoginViewController.swift */ = {isa = PBXFileReference; lastKnownFileType = sourcecode.swift; path = LoginViewController.swift; sourceTree = "<group>"; };
		43E4B7F329BA5FDE00600CF3 /* Base */ = {isa = PBXFileReference; lastKnownFileType = file.storyboard; name = Base; path = Base.lproj/Main.storyboard; sourceTree = "<group>"; };
		43E4B7F529BA5FE200600CF3 /* Assets.xcassets */ = {isa = PBXFileReference; lastKnownFileType = folder.assetcatalog; path = Assets.xcassets; sourceTree = "<group>"; };
		43E4B7F829BA5FE200600CF3 /* Base */ = {isa = PBXFileReference; lastKnownFileType = file.storyboard; name = Base; path = Base.lproj/LaunchScreen.storyboard; sourceTree = "<group>"; };
		43E4B7FA29BA5FE200600CF3 /* Info.plist */ = {isa = PBXFileReference; lastKnownFileType = text.plist.xml; path = Info.plist; sourceTree = "<group>"; };
		43E4B80329BA614900600CF3 /* User.swift */ = {isa = PBXFileReference; lastKnownFileType = sourcecode.swift; path = User.swift; sourceTree = "<group>"; };
		43E4B80629BA621C00600CF3 /* String+Extension.swift */ = {isa = PBXFileReference; lastKnownFileType = sourcecode.swift; path = "String+Extension.swift"; sourceTree = "<group>"; };
		43E4B80A29BA634100600CF3 /* LoginViewModel.swift */ = {isa = PBXFileReference; lastKnownFileType = sourcecode.swift; path = LoginViewModel.swift; sourceTree = "<group>"; };
/* End PBXFileReference section */

/* Begin PBXFrameworksBuildPhase section */
		43E4B7E629BA5FDE00600CF3 /* Frameworks */ = {
			isa = PBXFrameworksBuildPhase;
			buildActionMask = 2147483647;
			files = (
			);
			runOnlyForDeploymentPostprocessing = 0;
		};
/* End PBXFrameworksBuildPhase section */

/* Begin PBXGroup section */
		43E4B7E029BA5FDE00600CF3 = {
			isa = PBXGroup;
			children = (
				43E4B7EB29BA5FDE00600CF3 /* LoginApp+MVVM+Combine */,
				43E4B7EA29BA5FDE00600CF3 /* Products */,
			);
			sourceTree = "<group>";
		};
		43E4B7EA29BA5FDE00600CF3 /* Products */ = {
			isa = PBXGroup;
			children = (
				43E4B7E929BA5FDE00600CF3 /* LoginApp+MVVM+Combine.app */,
			);
			name = Products;
			sourceTree = "<group>";
		};
		43E4B7EB29BA5FDE00600CF3 /* LoginApp+MVVM+Combine */ = {
			isa = PBXGroup;
			children = (
				43E4B80829BA625A00600CF3 /* Extension */,
				43E4B80529BA615500600CF3 /* Models */,
				43E4B80029BA609E00600CF3 /* App */,
				43E4B80929BA629800600CF3 /* Login */,
				43E4B80129BA60F500600CF3 /* Storyboards */,
				43E4B80229BA610600600CF3 /* Resources */,
			);
			path = "LoginApp+MVVM+Combine";
			sourceTree = "<group>";
		};
		43E4B80029BA609E00600CF3 /* App */ = {
			isa = PBXGroup;
			children = (
				43E4B7FA29BA5FE200600CF3 /* Info.plist */,
				43E4B7EC29BA5FDE00600CF3 /* AppDelegate.swift */,
				43E4B7EE29BA5FDE00600CF3 /* SceneDelegate.swift */,
			);
			path = App;
			sourceTree = "<group>";
		};
		43E4B80129BA60F500600CF3 /* Storyboards */ = {
			isa = PBXGroup;
			children = (
				43E4B7F729BA5FE200600CF3 /* LaunchScreen.storyboard */,
				43E4B7F229BA5FDE00600CF3 /* Main.storyboard */,
			);
			path = Storyboards;
			sourceTree = "<group>";
		};
		43E4B80229BA610600600CF3 /* Resources */ = {
			isa = PBXGroup;
			children = (
				43E4B7F529BA5FE200600CF3 /* Assets.xcassets */,
			);
			path = Resources;
			sourceTree = "<group>";
		};
		43E4B80529BA615500600CF3 /* Models */ = {
			isa = PBXGroup;
			children = (
				43E4B80329BA614900600CF3 /* User.swift */,
			);
			path = Models;
			sourceTree = "<group>";
		};
		43E4B80829BA625A00600CF3 /* Extension */ = {
			isa = PBXGroup;
			children = (
				43E4B80629BA621C00600CF3 /* String+Extension.swift */,
			);
			path = Extension;
			sourceTree = "<group>";
		};
		43E4B80929BA629800600CF3 /* Login */ = {
			isa = PBXGroup;
			children = (
				43E4B7F029BA5FDE00600CF3 /* LoginViewController.swift */,
				43E4B80A29BA634100600CF3 /* LoginViewModel.swift */,
			);
			path = Login;
			sourceTree = "<group>";
		};
/* End PBXGroup section */

/* Begin PBXNativeTarget section */
		43E4B7E829BA5FDE00600CF3 /* LoginApp+MVVM+Combine */ = {
			isa = PBXNativeTarget;
			buildConfigurationList = 43E4B7FD29BA5FE200600CF3 /* Build configuration list for PBXNativeTarget "LoginApp+MVVM+Combine" */;
			buildPhases = (
				43E4B7E529BA5FDE00600CF3 /* Sources */,
				43E4B7E629BA5FDE00600CF3 /* Frameworks */,
				43E4B7E729BA5FDE00600CF3 /* Resources */,
			);
			buildRules = (
			);
			dependencies = (
			);
			name = "LoginApp+MVVM+Combine";
			productName = "LoginApp+MVVM+Combine";
			productReference = 43E4B7E929BA5FDE00600CF3 /* LoginApp+MVVM+Combine.app */;
			productType = "com.apple.product-type.application";
		};
/* End PBXNativeTarget section */

/* Begin PBXProject section */
		43E4B7E129BA5FDE00600CF3 /* Project object */ = {
			isa = PBXProject;
			attributes = {
				BuildIndependentTargetsInParallel = 1;
				LastSwiftUpdateCheck = 1340;
				LastUpgradeCheck = 1340;
				TargetAttributes = {
					43E4B7E829BA5FDE00600CF3 = {
						CreatedOnToolsVersion = 13.4.1;
					};
				};
			};
			buildConfigurationList = 43E4B7E429BA5FDE00600CF3 /* Build configuration list for PBXProject "LoginApp+MVVM+Combine" */;
			compatibilityVersion = "Xcode 13.0";
			developmentRegion = en;
			hasScannedForEncodings = 0;
			knownRegions = (
				en,
				Base,
			);
			mainGroup = 43E4B7E029BA5FDE00600CF3;
			productRefGroup = 43E4B7EA29BA5FDE00600CF3 /* Products */;
			projectDirPath = "";
			projectRoot = "";
			targets = (
				43E4B7E829BA5FDE00600CF3 /* LoginApp+MVVM+Combine */,
			);
		};
/* End PBXProject section */

/* Begin PBXResourcesBuildPhase section */
		43E4B7E729BA5FDE00600CF3 /* Resources */ = {
			isa = PBXResourcesBuildPhase;
			buildActionMask = 2147483647;
			files = (
				43E4B7F929BA5FE200600CF3 /* LaunchScreen.storyboard in Resources */,
				43E4B7F629BA5FE200600CF3 /* Assets.xcassets in Resources */,
				43E4B7F429BA5FDE00600CF3 /* Main.storyboard in Resources */,
			);
			runOnlyForDeploymentPostprocessing = 0;
		};
/* End PBXResourcesBuildPhase section */

/* Begin PBXSourcesBuildPhase section */
		43E4B7E529BA5FDE00600CF3 /* Sources */ = {
			isa = PBXSourcesBuildPhase;
			buildActionMask = 2147483647;
			files = (
				43E4B80429BA614900600CF3 /* User.swift in Sources */,
				43E4B7F129BA5FDE00600CF3 /* LoginViewController.swift in Sources */,
				43E4B80B29BA634100600CF3 /* LoginViewModel.swift in Sources */,
				43E4B7ED29BA5FDE00600CF3 /* AppDelegate.swift in Sources */,
				43E4B80729BA621C00600CF3 /* String+Extension.swift in Sources */,
				43E4B7EF29BA5FDE00600CF3 /* SceneDelegate.swift in Sources */,
			);
			runOnlyForDeploymentPostprocessing = 0;
		};
/* End PBXSourcesBuildPhase section */

/* Begin PBXVariantGroup section */
		43E4B7F229BA5FDE00600CF3 /* Main.storyboard */ = {
			isa = PBXVariantGroup;
			children = (
				43E4B7F329BA5FDE00600CF3 /* Base */,
			);
			name = Main.storyboard;
			sourceTree = "<group>";
		};
		43E4B7F729BA5FE200600CF3 /* LaunchScreen.storyboard */ = {
			isa = PBXVariantGroup;
			children = (
				43E4B7F829BA5FE200600CF3 /* Base */,
			);
			name = LaunchScreen.storyboard;
			sourceTree = "<group>";
		};
/* End PBXVariantGroup section */

/* Begin XCBuildConfiguration section */
		43E4B7FB29BA5FE200600CF3 /* Debug */ = {
			isa = XCBuildConfiguration;
			buildSettings = {
				ALWAYS_SEARCH_USER_PATHS = NO;
				CLANG_ANALYZER_NONNULL = YES;
				CLANG_ANALYZER_NUMBER_OBJECT_CONVERSION = YES_AGGRESSIVE;
				CLANG_CXX_LANGUAGE_STANDARD = "gnu++17";
				CLANG_ENABLE_MODULES = YES;
				CLANG_ENABLE_OBJC_ARC = YES;
				CLANG_ENABLE_OBJC_WEAK = YES;
				CLANG_WARN_BLOCK_CAPTURE_AUTORELEASING = YES;
				CLANG_WARN_BOOL_CONVERSION = YES;
				CLANG_WARN_COMMA = YES;
				CLANG_WARN_CONSTANT_CONVERSION = YES;
				CLANG_WARN_DEPRECATED_OBJC_IMPLEMENTATIONS = YES;
				CLANG_WARN_DIRECT_OBJC_ISA_USAGE = YES_ERROR;
				CLANG_WARN_DOCUMENTATION_COMMENTS = YES;
				CLANG_WARN_EMPTY_BODY = YES;
				CLANG_WARN_ENUM_CONVERSION = YES;
				CLANG_WARN_INFINITE_RECURSION = YES;
				CLANG_WARN_INT_CONVERSION = YES;
				CLANG_WARN_NON_LITERAL_NULL_CONVERSION = YES;
				CLANG_WARN_OBJC_IMPLICIT_RETAIN_SELF = YES;
				CLANG_WARN_OBJC_LITERAL_CONVERSION = YES;
				CLANG_WARN_OBJC_ROOT_CLASS = YES_ERROR;
				CLANG_WARN_QUOTED_INCLUDE_IN_FRAMEWORK_HEADER = YES;
				CLANG_WARN_RANGE_LOOP_ANALYSIS = YES;
				CLANG_WARN_STRICT_PROTOTYPES = YES;
				CLANG_WARN_SUSPICIOUS_MOVE = YES;
				CLANG_WARN_UNGUARDED_AVAILABILITY = YES_AGGRESSIVE;
				CLANG_WARN_UNREACHABLE_CODE = YES;
				CLANG_WARN__DUPLICATE_METHOD_MATCH = YES;
				COPY_PHASE_STRIP = NO;
				DEBUG_INFORMATION_FORMAT = dwarf;
				ENABLE_STRICT_OBJC_MSGSEND = YES;
				ENABLE_TESTABILITY = YES;
				GCC_C_LANGUAGE_STANDARD = gnu11;
				GCC_DYNAMIC_NO_PIC = NO;
				GCC_NO_COMMON_BLOCKS = YES;
				GCC_OPTIMIZATION_LEVEL = 0;
				GCC_PREPROCESSOR_DEFINITIONS = (
					"DEBUG=1",
					"$(inherited)",
				);
				GCC_WARN_64_TO_32_BIT_CONVERSION = YES;
				GCC_WARN_ABOUT_RETURN_TYPE = YES_ERROR;
				GCC_WARN_UNDECLARED_SELECTOR = YES;
				GCC_WARN_UNINITIALIZED_AUTOS = YES_AGGRESSIVE;
				GCC_WARN_UNUSED_FUNCTION = YES;
				GCC_WARN_UNUSED_VARIABLE = YES;
				IPHONEOS_DEPLOYMENT_TARGET = 15.5;
				MTL_ENABLE_DEBUG_INFO = INCLUDE_SOURCE;
				MTL_FAST_MATH = YES;
				ONLY_ACTIVE_ARCH = YES;
				SDKROOT = iphoneos;
				SWIFT_ACTIVE_COMPILATION_CONDITIONS = DEBUG;
				SWIFT_OPTIMIZATION_LEVEL = "-Onone";
			};
			name = Debug;
		};
		43E4B7FC29BA5FE200600CF3 /* Release */ = {
			isa = XCBuildConfiguration;
			buildSettings = {
				ALWAYS_SEARCH_USER_PATHS = NO;
				CLANG_ANALYZER_NONNULL = YES;
				CLANG_ANALYZER_NUMBER_OBJECT_CONVERSION = YES_AGGRESSIVE;
				CLANG_CXX_LANGUAGE_STANDARD = "gnu++17";
				CLANG_ENABLE_MODULES = YES;
				CLANG_ENABLE_OBJC_ARC = YES;
				CLANG_ENABLE_OBJC_WEAK = YES;
				CLANG_WARN_BLOCK_CAPTURE_AUTORELEASING = YES;
				CLANG_WARN_BOOL_CONVERSION = YES;
				CLANG_WARN_COMMA = YES;
				CLANG_WARN_CONSTANT_CONVERSION = YES;
				CLANG_WARN_DEPRECATED_OBJC_IMPLEMENTATIONS = YES;
				CLANG_WARN_DIRECT_OBJC_ISA_USAGE = YES_ERROR;
				CLANG_WARN_DOCUMENTATION_COMMENTS = YES;
				CLANG_WARN_EMPTY_BODY = YES;
				CLANG_WARN_ENUM_CONVERSION = YES;
				CLANG_WARN_INFINITE_RECURSION = YES;
				CLANG_WARN_INT_CONVERSION = YES;
				CLANG_WARN_NON_LITERAL_NULL_CONVERSION = YES;
				CLANG_WARN_OBJC_IMPLICIT_RETAIN_SELF = YES;
				CLANG_WARN_OBJC_LITERAL_CONVERSION = YES;
				CLANG_WARN_OBJC_ROOT_CLASS = YES_ERROR;
				CLANG_WARN_QUOTED_INCLUDE_IN_FRAMEWORK_HEADER = YES;
				CLANG_WARN_RANGE_LOOP_ANALYSIS = YES;
				CLANG_WARN_STRICT_PROTOTYPES = YES;
				CLANG_WARN_SUSPICIOUS_MOVE = YES;
				CLANG_WARN_UNGUARDED_AVAILABILITY = YES_AGGRESSIVE;
				CLANG_WARN_UNREACHABLE_CODE = YES;
				CLANG_WARN__DUPLICATE_METHOD_MATCH = YES;
				COPY_PHASE_STRIP = NO;
				DEBUG_INFORMATION_FORMAT = "dwarf-with-dsym";
				ENABLE_NS_ASSERTIONS = NO;
				ENABLE_STRICT_OBJC_MSGSEND = YES;
				GCC_C_LANGUAGE_STANDARD = gnu11;
				GCC_NO_COMMON_BLOCKS = YES;
				GCC_WARN_64_TO_32_BIT_CONVERSION = YES;
				GCC_WARN_ABOUT_RETURN_TYPE = YES_ERROR;
				GCC_WARN_UNDECLARED_SELECTOR = YES;
				GCC_WARN_UNINITIALIZED_AUTOS = YES_AGGRESSIVE;
				GCC_WARN_UNUSED_FUNCTION = YES;
				GCC_WARN_UNUSED_VARIABLE = YES;
				IPHONEOS_DEPLOYMENT_TARGET = 15.5;
				MTL_ENABLE_DEBUG_INFO = NO;
				MTL_FAST_MATH = YES;
				SDKROOT = iphoneos;
				SWIFT_COMPILATION_MODE = wholemodule;
				SWIFT_OPTIMIZATION_LEVEL = "-O";
				VALIDATE_PRODUCT = YES;
			};
			name = Release;
		};
		43E4B7FE29BA5FE200600CF3 /* Debug */ = {
			isa = XCBuildConfiguration;
			buildSettings = {
				ASSETCATALOG_COMPILER_APPICON_NAME = AppIcon;
				ASSETCATALOG_COMPILER_GLOBAL_ACCENT_COLOR_NAME = AccentColor;
				CODE_SIGN_STYLE = Automatic;
				CURRENT_PROJECT_VERSION = 1;
				DEVELOPMENT_TEAM = D22T8YR3ZW;
				GENERATE_INFOPLIST_FILE = YES;
				INFOPLIST_FILE = "LoginApp+MVVM+Combine/Info.plist";
				INFOPLIST_KEY_UIApplicationSupportsIndirectInputEvents = YES;
				INFOPLIST_KEY_UILaunchStoryboardName = LaunchScreen;
				INFOPLIST_KEY_UIMainStoryboardFile = Main;
				INFOPLIST_KEY_UISupportedInterfaceOrientations_iPad = "UIInterfaceOrientationPortrait UIInterfaceOrientationPortraitUpsideDown UIInterfaceOrientationLandscapeLeft UIInterfaceOrientationLandscapeRight";
				INFOPLIST_KEY_UISupportedInterfaceOrientations_iPhone = "UIInterfaceOrientationPortrait UIInterfaceOrientationLandscapeLeft UIInterfaceOrientationLandscapeRight";
				LD_RUNPATH_SEARCH_PATHS = (
					"$(inherited)",
					"@executable_path/Frameworks",
				);
				MARKETING_VERSION = 1.0;
				PRODUCT_BUNDLE_IDENTIFIER = "maximlaskin.LoginApp-MVVM-Combine";
				PRODUCT_NAME = "$(TARGET_NAME)";
				SWIFT_EMIT_LOC_STRINGS = YES;
				SWIFT_VERSION = 5.0;
				TARGETED_DEVICE_FAMILY = "1,2";
			};
			name = Debug;
		};
		43E4B7FF29BA5FE200600CF3 /* Release */ = {
			isa = XCBuildConfiguration;
			buildSettings = {
				ASSETCATALOG_COMPILER_APPICON_NAME = AppIcon;
				ASSETCATALOG_COMPILER_GLOBAL_ACCENT_COLOR_NAME = AccentColor;
				CODE_SIGN_STYLE = Automatic;
				CURRENT_PROJECT_VERSION = 1;
				DEVELOPMENT_TEAM = D22T8YR3ZW;
				GENERATE_INFOPLIST_FILE = YES;
				INFOPLIST_FILE = "LoginApp+MVVM+Combine/Info.plist";
				INFOPLIST_KEY_UIApplicationSupportsIndirectInputEvents = YES;
				INFOPLIST_KEY_UILaunchStoryboardName = LaunchScreen;
				INFOPLIST_KEY_UIMainStoryboardFile = Main;
				INFOPLIST_KEY_UISupportedInterfaceOrientations_iPad = "UIInterfaceOrientationPortrait UIInterfaceOrientationPortraitUpsideDown UIInterfaceOrientationLandscapeLeft UIInterfaceOrientationLandscapeRight";
				INFOPLIST_KEY_UISupportedInterfaceOrientations_iPhone = "UIInterfaceOrientationPortrait UIInterfaceOrientationLandscapeLeft UIInterfaceOrientationLandscapeRight";
				LD_RUNPATH_SEARCH_PATHS = (
					"$(inherited)",
					"@executable_path/Frameworks",
				);
				MARKETING_VERSION = 1.0;
				PRODUCT_BUNDLE_IDENTIFIER = "maximlaskin.LoginApp-MVVM-Combine";
				PRODUCT_NAME = "$(TARGET_NAME)";
				SWIFT_EMIT_LOC_STRINGS = YES;
				SWIFT_VERSION = 5.0;
				TARGETED_DEVICE_FAMILY = "1,2";
			};
			name = Release;
		};
/* End XCBuildConfiguration section */

/* Begin XCConfigurationList section */
		43E4B7E429BA5FDE00600CF3 /* Build configuration list for PBXProject "LoginApp+MVVM+Combine" */ = {
			isa = XCConfigurationList;
			buildConfigurations = (
				43E4B7FB29BA5FE200600CF3 /* Debug */,
				43E4B7FC29BA5FE200600CF3 /* Release */,
			);
			defaultConfigurationIsVisible = 0;
			defaultConfigurationName = Release;
		};
		43E4B7FD29BA5FE200600CF3 /* Build configuration list for PBXNativeTarget "LoginApp+MVVM+Combine" */ = {
			isa = XCConfigurationList;
			buildConfigurations = (
				43E4B7FE29BA5FE200600CF3 /* Debug */,
				43E4B7FF29BA5FE200600CF3 /* Release */,
			);
			defaultConfigurationIsVisible = 0;
			defaultConfigurationName = Release;
		};
/* End XCConfigurationList section */
	};
	rootObject = 43E4B7E129BA5FDE00600CF3 /* Project object */;
}
